// !$*UTF8*$!
{
	archiveVersion = 1;
	classes = {
	};
	objectVersion = 45;
	objects = {

/* Begin PBXBuildFile section */
		1D3623260D0F684500981E51 /* iPhoneAppDelegate.m in Sources */ = {isa = PBXBuildFile; fileRef = 1D3623250D0F684500981E51 /* iPhoneAppDelegate.m */; };
		1D60589B0D05DD56006BFB54 /* main.m in Sources */ = {isa = PBXBuildFile; fileRef = 29B97316FDCFA39411CA2CEA /* main.m */; };
		1D60589F0D05DD5A006BFB54 /* Foundation.framework in Frameworks */ = {isa = PBXBuildFile; fileRef = 1D30AB110D05D00D00671497 /* Foundation.framework */; };
		1DF5F4E00D08C38300B7A737 /* UIKit.framework in Frameworks */ = {isa = PBXBuildFile; fileRef = 1DF5F4DF0D08C38300B7A737 /* UIKit.framework */; };
		27089B071149C2B700A1BFE8 /* SenTestingKit.framework in Frameworks */ = {isa = PBXBuildFile; fileRef = 27089B061149C2B700A1BFE8 /* SenTestingKit.framework */; };
		27089B2A1149C35000A1BFE8 /* libGHUnitIPhone3_0.a in Frameworks */ = {isa = PBXBuildFile; fileRef = 2768C1A31149BFF300758718 /* libGHUnitIPhone3_0.a */; };
		27089BD51149C35400A1BFE8 /* UIKit.framework in Frameworks */ = {isa = PBXBuildFile; fileRef = 1DF5F4DF0D08C38300B7A737 /* UIKit.framework */; };
		27089BD61149C35400A1BFE8 /* Foundation.framework in Frameworks */ = {isa = PBXBuildFile; fileRef = 1D30AB110D05D00D00671497 /* Foundation.framework */; };
		27089BD71149C35400A1BFE8 /* CoreGraphics.framework in Frameworks */ = {isa = PBXBuildFile; fileRef = 288765070DF74369002DB57D /* CoreGraphics.framework */; };
		27089BE61149C38B00A1BFE8 /* GHUnitIPhoneTestMain.m in Sources */ = {isa = PBXBuildFile; fileRef = 2768C1B61149C03600758718 /* GHUnitIPhoneTestMain.m */; };
		27089C2C1149CDB900A1BFE8 /* ASIAuthenticationDialog.m in Sources */ = {isa = PBXBuildFile; fileRef = 27089C201149CDB900A1BFE8 /* ASIAuthenticationDialog.m */; };
		27089C2D1149CDB900A1BFE8 /* ASIFormDataRequest.m in Sources */ = {isa = PBXBuildFile; fileRef = 27089C221149CDB900A1BFE8 /* ASIFormDataRequest.m */; };
		27089C2E1149CDB900A1BFE8 /* ASIHTTPRequest.m in Sources */ = {isa = PBXBuildFile; fileRef = 27089C241149CDB900A1BFE8 /* ASIHTTPRequest.m */; };
		27089C2F1149CDB900A1BFE8 /* ASIInputStream.m in Sources */ = {isa = PBXBuildFile; fileRef = 27089C271149CDB900A1BFE8 /* ASIInputStream.m */; };
		27089C301149CDB900A1BFE8 /* ASINetworkQueue.m in Sources */ = {isa = PBXBuildFile; fileRef = 27089C291149CDB900A1BFE8 /* ASINetworkQueue.m */; };
		27089C311149CDB900A1BFE8 /* ASINSStringAdditions.m in Sources */ = {isa = PBXBuildFile; fileRef = 27089C2B1149CDB900A1BFE8 /* ASINSStringAdditions.m */; };
		27089C351149CDDF00A1BFE8 /* CFNetwork.framework in Frameworks */ = {isa = PBXBuildFile; fileRef = 27089C341149CDDF00A1BFE8 /* CFNetwork.framework */; };
		27089C391149CDF100A1BFE8 /* SystemConfiguration.framework in Frameworks */ = {isa = PBXBuildFile; fileRef = 27089C381149CDF100A1BFE8 /* SystemConfiguration.framework */; };
		27089C3B1149CDFB00A1BFE8 /* libz.1.2.3.dylib in Frameworks */ = {isa = PBXBuildFile; fileRef = 27089C3A1149CDFB00A1BFE8 /* libz.1.2.3.dylib */; };
		27089C3E1149CE1E00A1BFE8 /* Reachability.m in Sources */ = {isa = PBXBuildFile; fileRef = 27089C3D1149CE1E00A1BFE8 /* Reachability.m */; };
		27089C5B1149D08B00A1BFE8 /* CTProvider.m in Sources */ = {isa = PBXBuildFile; fileRef = 27089C5A1149D08B00A1BFE8 /* CTProvider.m */; };
		27089C641149D1FC00A1BFE8 /* CTSlicehostSlice.m in Sources */ = {isa = PBXBuildFile; fileRef = 27089C631149D1FC00A1BFE8 /* CTSlicehostSlice.m */; };
		27089C671149D20500A1BFE8 /* CTSlicehostFlavor.m in Sources */ = {isa = PBXBuildFile; fileRef = 27089C661149D20500A1BFE8 /* CTSlicehostFlavor.m */; };
		27089C6A1149D20D00A1BFE8 /* CTSlicehostImage.m in Sources */ = {isa = PBXBuildFile; fileRef = 27089C691149D20D00A1BFE8 /* CTSlicehostImage.m */; };
		27089C6D1149D21E00A1BFE8 /* CTSlicehostBackup.m in Sources */ = {isa = PBXBuildFile; fileRef = 27089C6C1149D21E00A1BFE8 /* CTSlicehostBackup.m */; };
		27089C701149D23C00A1BFE8 /* CTSlicehostZone.m in Sources */ = {isa = PBXBuildFile; fileRef = 27089C6F1149D23C00A1BFE8 /* CTSlicehostZone.m */; };
		27089C751149D25300A1BFE8 /* CTSlicehostRecord.m in Sources */ = {isa = PBXBuildFile; fileRef = 27089C741149D25300A1BFE8 /* CTSlicehostRecord.m */; };
		27089D66114AD69600A1BFE8 /* CTSlicehostRequest.m in Sources */ = {isa = PBXBuildFile; fileRef = 27089D65114AD69600A1BFE8 /* CTSlicehostRequest.m */; };
		27089D6B114AD6AC00A1BFE8 /* CTSlicehostSliceRequest.m in Sources */ = {isa = PBXBuildFile; fileRef = 27089D6A114AD6AC00A1BFE8 /* CTSlicehostSliceRequest.m */; };
		27089DB1114AEED500A1BFE8 /* CTSlicehostSlice.h in Sources */ = {isa = PBXBuildFile; fileRef = 27089C621149D1FC00A1BFE8 /* CTSlicehostSlice.h */; };
		27089DB2114AEED500A1BFE8 /* CTSlicehostSlice.m in Sources */ = {isa = PBXBuildFile; fileRef = 27089C631149D1FC00A1BFE8 /* CTSlicehostSlice.m */; };
		27089DB3114AEED500A1BFE8 /* CTSlicehostFlavor.h in Sources */ = {isa = PBXBuildFile; fileRef = 27089C651149D20500A1BFE8 /* CTSlicehostFlavor.h */; };
		27089DB4114AEED500A1BFE8 /* CTSlicehostFlavor.m in Sources */ = {isa = PBXBuildFile; fileRef = 27089C661149D20500A1BFE8 /* CTSlicehostFlavor.m */; };
		27089DB5114AEED500A1BFE8 /* CTSlicehostImage.h in Sources */ = {isa = PBXBuildFile; fileRef = 27089C681149D20D00A1BFE8 /* CTSlicehostImage.h */; };
		27089DB6114AEED500A1BFE8 /* CTSlicehostImage.m in Sources */ = {isa = PBXBuildFile; fileRef = 27089C691149D20D00A1BFE8 /* CTSlicehostImage.m */; };
		27089DB7114AEED500A1BFE8 /* CTSlicehostBackup.h in Sources */ = {isa = PBXBuildFile; fileRef = 27089C6B1149D21E00A1BFE8 /* CTSlicehostBackup.h */; };
		27089DB8114AEED500A1BFE8 /* CTSlicehostBackup.m in Sources */ = {isa = PBXBuildFile; fileRef = 27089C6C1149D21E00A1BFE8 /* CTSlicehostBackup.m */; };
		27089DB9114AEEDC00A1BFE8 /* CTSlicehostZone.h in Sources */ = {isa = PBXBuildFile; fileRef = 27089C6E1149D23C00A1BFE8 /* CTSlicehostZone.h */; };
		27089DBA114AEEDC00A1BFE8 /* CTSlicehostZone.m in Sources */ = {isa = PBXBuildFile; fileRef = 27089C6F1149D23C00A1BFE8 /* CTSlicehostZone.m */; };
		27089DBB114AEEDC00A1BFE8 /* CTSlicehostRecord.h in Sources */ = {isa = PBXBuildFile; fileRef = 27089C731149D25300A1BFE8 /* CTSlicehostRecord.h */; };
		27089DBC114AEEDC00A1BFE8 /* CTSlicehostRecord.m in Sources */ = {isa = PBXBuildFile; fileRef = 27089C741149D25300A1BFE8 /* CTSlicehostRecord.m */; };
		27089DBD114AEEE300A1BFE8 /* CTSlicehostRequest.h in Sources */ = {isa = PBXBuildFile; fileRef = 27089D64114AD69600A1BFE8 /* CTSlicehostRequest.h */; };
		27089DBE114AEEE300A1BFE8 /* CTSlicehostRequest.m in Sources */ = {isa = PBXBuildFile; fileRef = 27089D65114AD69600A1BFE8 /* CTSlicehostRequest.m */; };
		27089DBF114AEEE300A1BFE8 /* CTSlicehostSliceRequest.h in Sources */ = {isa = PBXBuildFile; fileRef = 27089D69114AD6AC00A1BFE8 /* CTSlicehostSliceRequest.h */; };
		27089DC0114AEEE300A1BFE8 /* CTSlicehostSliceRequest.m in Sources */ = {isa = PBXBuildFile; fileRef = 27089D6A114AD6AC00A1BFE8 /* CTSlicehostSliceRequest.m */; };
		27089DCC114AEF1800A1BFE8 /* ASIHTTPRequest.h in Sources */ = {isa = PBXBuildFile; fileRef = 27089C231149CDB900A1BFE8 /* ASIHTTPRequest.h */; };
		27089DD1114AEF2300A1BFE8 /* ASIHTTPRequest.m in Sources */ = {isa = PBXBuildFile; fileRef = 27089C241149CDB900A1BFE8 /* ASIHTTPRequest.m */; };
		27089DE7114AEF6700A1BFE8 /* Reachability.h in Sources */ = {isa = PBXBuildFile; fileRef = 27089C3C1149CE1E00A1BFE8 /* Reachability.h */; };
		27089DE8114AEF6700A1BFE8 /* Reachability.m in Sources */ = {isa = PBXBuildFile; fileRef = 27089C3D1149CE1E00A1BFE8 /* Reachability.m */; };
		27089DE9114AEF6700A1BFE8 /* ASIAuthenticationDialog.h in Sources */ = {isa = PBXBuildFile; fileRef = 27089C1F1149CDB900A1BFE8 /* ASIAuthenticationDialog.h */; };
		27089DEA114AEF6700A1BFE8 /* ASIAuthenticationDialog.m in Sources */ = {isa = PBXBuildFile; fileRef = 27089C201149CDB900A1BFE8 /* ASIAuthenticationDialog.m */; };
		27089DEB114AEF6700A1BFE8 /* ASIFormDataRequest.h in Sources */ = {isa = PBXBuildFile; fileRef = 27089C211149CDB900A1BFE8 /* ASIFormDataRequest.h */; };
		27089DEC114AEF6700A1BFE8 /* ASIFormDataRequest.m in Sources */ = {isa = PBXBuildFile; fileRef = 27089C221149CDB900A1BFE8 /* ASIFormDataRequest.m */; };
		27089DED114AEF6700A1BFE8 /* ASIHTTPRequestConfig.h in Sources */ = {isa = PBXBuildFile; fileRef = 27089C251149CDB900A1BFE8 /* ASIHTTPRequestConfig.h */; };
		27089DEE114AEF6700A1BFE8 /* ASIInputStream.h in Sources */ = {isa = PBXBuildFile; fileRef = 27089C261149CDB900A1BFE8 /* ASIInputStream.h */; };
		27089DEF114AEF6700A1BFE8 /* ASIInputStream.m in Sources */ = {isa = PBXBuildFile; fileRef = 27089C271149CDB900A1BFE8 /* ASIInputStream.m */; };
		27089DF0114AEF6700A1BFE8 /* ASINetworkQueue.h in Sources */ = {isa = PBXBuildFile; fileRef = 27089C281149CDB900A1BFE8 /* ASINetworkQueue.h */; };
		27089DF1114AEF6700A1BFE8 /* ASINetworkQueue.m in Sources */ = {isa = PBXBuildFile; fileRef = 27089C291149CDB900A1BFE8 /* ASINetworkQueue.m */; };
		27089DF2114AEF6700A1BFE8 /* ASINSStringAdditions.h in Sources */ = {isa = PBXBuildFile; fileRef = 27089C2A1149CDB900A1BFE8 /* ASINSStringAdditions.h */; };
		27089DF3114AEF6700A1BFE8 /* ASINSStringAdditions.m in Sources */ = {isa = PBXBuildFile; fileRef = 27089C2B1149CDB900A1BFE8 /* ASINSStringAdditions.m */; };
		27089E02114AF00200A1BFE8 /* CTSlicehostSliceRequestTest.m in Sources */ = {isa = PBXBuildFile; fileRef = 27089E01114AF00200A1BFE8 /* CTSlicehostSliceRequestTest.m */; };
		27089E07114AF07E00A1BFE8 /* CTSlicehostSliceRequestTest.h in Sources */ = {isa = PBXBuildFile; fileRef = 27089E00114AF00200A1BFE8 /* CTSlicehostSliceRequestTest.h */; };
		27089E08114AF07E00A1BFE8 /* CTSlicehostSliceRequestTest.m in Sources */ = {isa = PBXBuildFile; fileRef = 27089E01114AF00200A1BFE8 /* CTSlicehostSliceRequestTest.m */; };
		27089E39114AF2CA00A1BFE8 /* CTSlicehostSliceXMLParserDelegate.m in Sources */ = {isa = PBXBuildFile; fileRef = 27089E38114AF2CA00A1BFE8 /* CTSlicehostSliceXMLParserDelegate.m */; };
		27089E41114AF47F00A1BFE8 /* CTSlicehostSliceXMLParserDelegate.h in Sources */ = {isa = PBXBuildFile; fileRef = 27089E37114AF2CA00A1BFE8 /* CTSlicehostSliceXMLParserDelegate.h */; };
		27089E42114AF47F00A1BFE8 /* CTSlicehostSliceXMLParserDelegate.m in Sources */ = {isa = PBXBuildFile; fileRef = 27089E38114AF2CA00A1BFE8 /* CTSlicehostSliceXMLParserDelegate.m */; };
		2768C1A41149BFF300758718 /* libGHUnitIPhone3_0.a in Frameworks */ = {isa = PBXBuildFile; fileRef = 2768C1A31149BFF300758718 /* libGHUnitIPhone3_0.a */; };
		2768C1BB1149C03600758718 /* GHUnitIPhoneTestMain.m in Sources */ = {isa = PBXBuildFile; fileRef = 2768C1B61149C03600758718 /* GHUnitIPhoneTestMain.m */; };
		2785B5AB1184D79F00592C00 /* CTSlicehostFlavorXMLParserDelegate.m in Sources */ = {isa = PBXBuildFile; fileRef = 2785B5AA1184D79F00592C00 /* CTSlicehostFlavorXMLParserDelegate.m */; };
		2785B5AE1184D7AB00592C00 /* CTSlicehostImageXMLParserDelegate.m in Sources */ = {isa = PBXBuildFile; fileRef = 2785B5AD1184D7AB00592C00 /* CTSlicehostImageXMLParserDelegate.m */; };
		2785B5B11184D7BA00592C00 /* CTSlicehostZoneXMLParserDelegate.m in Sources */ = {isa = PBXBuildFile; fileRef = 2785B5B01184D7BA00592C00 /* CTSlicehostZoneXMLParserDelegate.m */; };
		2785B5B41184D7C400592C00 /* CTSlicehostRecordXMLParserDelegate.m in Sources */ = {isa = PBXBuildFile; fileRef = 2785B5B31184D7C400592C00 /* CTSlicehostRecordXMLParserDelegate.m */; };
		27FC98441172AC0D00250D42 /* CTSlicehostFlavorRequest.m in Sources */ = {isa = PBXBuildFile; fileRef = 27FC98431172AC0D00250D42 /* CTSlicehostFlavorRequest.m */; };
		27FC98471172AC1600250D42 /* CTSlicehostImageRequest.m in Sources */ = {isa = PBXBuildFile; fileRef = 27FC98461172AC1600250D42 /* CTSlicehostImageRequest.m */; };
		27FC984A1172AC2100250D42 /* CTSlicehostBackupRequest.m in Sources */ = {isa = PBXBuildFile; fileRef = 27FC98491172AC2100250D42 /* CTSlicehostBackupRequest.m */; };
		28216C970DB411BC00E5133A /* FirstViewController.m in Sources */ = {isa = PBXBuildFile; fileRef = 28216C960DB411BC00E5133A /* FirstViewController.m */; };
		282CCBFE0DB6C98000C4EA27 /* SecondView.xib in Resources */ = {isa = PBXBuildFile; fileRef = 282CCBFD0DB6C98000C4EA27 /* SecondView.xib */; };
		288765080DF74369002DB57D /* CoreGraphics.framework in Frameworks */ = {isa = PBXBuildFile; fileRef = 288765070DF74369002DB57D /* CoreGraphics.framework */; };
		28AD73880D9D96C1002E5188 /* MainWindow.xib in Resources */ = {isa = PBXBuildFile; fileRef = 28AD73870D9D96C1002E5188 /* MainWindow.xib */; };
/* End PBXBuildFile section */

/* Begin PBXFileReference section */
		1D30AB110D05D00D00671497 /* Foundation.framework */ = {isa = PBXFileReference; lastKnownFileType = wrapper.framework; name = Foundation.framework; path = System/Library/Frameworks/Foundation.framework; sourceTree = SDKROOT; };
		1D3623240D0F684500981E51 /* iPhoneAppDelegate.h */ = {isa = PBXFileReference; fileEncoding = 4; lastKnownFileType = sourcecode.c.h; path = iPhoneAppDelegate.h; sourceTree = "<group>"; };
		1D3623250D0F684500981E51 /* iPhoneAppDelegate.m */ = {isa = PBXFileReference; fileEncoding = 4; lastKnownFileType = sourcecode.c.objc; path = iPhoneAppDelegate.m; sourceTree = "<group>"; };
		1D6058910D05DD3D006BFB54 /* iPhone.app */ = {isa = PBXFileReference; explicitFileType = wrapper.application; includeInIndex = 0; path = iPhone.app; sourceTree = BUILT_PRODUCTS_DIR; };
		1DF5F4DF0D08C38300B7A737 /* UIKit.framework */ = {isa = PBXFileReference; lastKnownFileType = wrapper.framework; name = UIKit.framework; path = System/Library/Frameworks/UIKit.framework; sourceTree = SDKROOT; };
		27089B061149C2B700A1BFE8 /* SenTestingKit.framework */ = {isa = PBXFileReference; lastKnownFileType = wrapper.framework; name = SenTestingKit.framework; path = Library/Frameworks/SenTestingKit.framework; sourceTree = DEVELOPER_DIR; };
		27089C1F1149CDB900A1BFE8 /* ASIAuthenticationDialog.h */ = {isa = PBXFileReference; fileEncoding = 4; lastKnownFileType = sourcecode.c.h; path = ASIAuthenticationDialog.h; sourceTree = "<group>"; };
		27089C201149CDB900A1BFE8 /* ASIAuthenticationDialog.m */ = {isa = PBXFileReference; fileEncoding = 4; lastKnownFileType = sourcecode.c.objc; path = ASIAuthenticationDialog.m; sourceTree = "<group>"; };
		27089C211149CDB900A1BFE8 /* ASIFormDataRequest.h */ = {isa = PBXFileReference; fileEncoding = 4; lastKnownFileType = sourcecode.c.h; path = ASIFormDataRequest.h; sourceTree = "<group>"; };
		27089C221149CDB900A1BFE8 /* ASIFormDataRequest.m */ = {isa = PBXFileReference; fileEncoding = 4; lastKnownFileType = sourcecode.c.objc; path = ASIFormDataRequest.m; sourceTree = "<group>"; };
		27089C231149CDB900A1BFE8 /* ASIHTTPRequest.h */ = {isa = PBXFileReference; fileEncoding = 4; lastKnownFileType = sourcecode.c.h; path = ASIHTTPRequest.h; sourceTree = "<group>"; };
		27089C241149CDB900A1BFE8 /* ASIHTTPRequest.m */ = {isa = PBXFileReference; fileEncoding = 4; lastKnownFileType = sourcecode.c.objc; path = ASIHTTPRequest.m; sourceTree = "<group>"; };
		27089C251149CDB900A1BFE8 /* ASIHTTPRequestConfig.h */ = {isa = PBXFileReference; fileEncoding = 4; lastKnownFileType = sourcecode.c.h; path = ASIHTTPRequestConfig.h; sourceTree = "<group>"; };
		27089C261149CDB900A1BFE8 /* ASIInputStream.h */ = {isa = PBXFileReference; fileEncoding = 4; lastKnownFileType = sourcecode.c.h; path = ASIInputStream.h; sourceTree = "<group>"; };
		27089C271149CDB900A1BFE8 /* ASIInputStream.m */ = {isa = PBXFileReference; fileEncoding = 4; lastKnownFileType = sourcecode.c.objc; path = ASIInputStream.m; sourceTree = "<group>"; };
		27089C281149CDB900A1BFE8 /* ASINetworkQueue.h */ = {isa = PBXFileReference; fileEncoding = 4; lastKnownFileType = sourcecode.c.h; path = ASINetworkQueue.h; sourceTree = "<group>"; };
		27089C291149CDB900A1BFE8 /* ASINetworkQueue.m */ = {isa = PBXFileReference; fileEncoding = 4; lastKnownFileType = sourcecode.c.objc; path = ASINetworkQueue.m; sourceTree = "<group>"; };
		27089C2A1149CDB900A1BFE8 /* ASINSStringAdditions.h */ = {isa = PBXFileReference; fileEncoding = 4; lastKnownFileType = sourcecode.c.h; path = ASINSStringAdditions.h; sourceTree = "<group>"; };
		27089C2B1149CDB900A1BFE8 /* ASINSStringAdditions.m */ = {isa = PBXFileReference; fileEncoding = 4; lastKnownFileType = sourcecode.c.objc; path = ASINSStringAdditions.m; sourceTree = "<group>"; };
		27089C341149CDDF00A1BFE8 /* CFNetwork.framework */ = {isa = PBXFileReference; lastKnownFileType = wrapper.framework; name = CFNetwork.framework; path = System/Library/Frameworks/CFNetwork.framework; sourceTree = SDKROOT; };
		27089C381149CDF100A1BFE8 /* SystemConfiguration.framework */ = {isa = PBXFileReference; lastKnownFileType = wrapper.framework; name = SystemConfiguration.framework; path = System/Library/Frameworks/SystemConfiguration.framework; sourceTree = SDKROOT; };
		27089C3A1149CDFB00A1BFE8 /* libz.1.2.3.dylib */ = {isa = PBXFileReference; lastKnownFileType = "compiled.mach-o.dylib"; name = libz.1.2.3.dylib; path = usr/lib/libz.1.2.3.dylib; sourceTree = SDKROOT; };
		27089C3C1149CE1E00A1BFE8 /* Reachability.h */ = {isa = PBXFileReference; fileEncoding = 4; lastKnownFileType = sourcecode.c.h; path = Reachability.h; sourceTree = "<group>"; };
		27089C3D1149CE1E00A1BFE8 /* Reachability.m */ = {isa = PBXFileReference; fileEncoding = 4; lastKnownFileType = sourcecode.c.objc; path = Reachability.m; sourceTree = "<group>"; };
		27089C591149D08B00A1BFE8 /* CTProvider.h */ = {isa = PBXFileReference; fileEncoding = 4; lastKnownFileType = sourcecode.c.h; path = CTProvider.h; sourceTree = "<group>"; };
		27089C5A1149D08B00A1BFE8 /* CTProvider.m */ = {isa = PBXFileReference; fileEncoding = 4; lastKnownFileType = sourcecode.c.objc; path = CTProvider.m; sourceTree = "<group>"; };
		27089C621149D1FC00A1BFE8 /* CTSlicehostSlice.h */ = {isa = PBXFileReference; fileEncoding = 4; lastKnownFileType = sourcecode.c.h; path = CTSlicehostSlice.h; sourceTree = "<group>"; };
		27089C631149D1FC00A1BFE8 /* CTSlicehostSlice.m */ = {isa = PBXFileReference; fileEncoding = 4; lastKnownFileType = sourcecode.c.objc; path = CTSlicehostSlice.m; sourceTree = "<group>"; };
		27089C651149D20500A1BFE8 /* CTSlicehostFlavor.h */ = {isa = PBXFileReference; fileEncoding = 4; lastKnownFileType = sourcecode.c.h; path = CTSlicehostFlavor.h; sourceTree = "<group>"; };
		27089C661149D20500A1BFE8 /* CTSlicehostFlavor.m */ = {isa = PBXFileReference; fileEncoding = 4; lastKnownFileType = sourcecode.c.objc; path = CTSlicehostFlavor.m; sourceTree = "<group>"; };
		27089C681149D20D00A1BFE8 /* CTSlicehostImage.h */ = {isa = PBXFileReference; fileEncoding = 4; lastKnownFileType = sourcecode.c.h; path = CTSlicehostImage.h; sourceTree = "<group>"; };
		27089C691149D20D00A1BFE8 /* CTSlicehostImage.m */ = {isa = PBXFileReference; fileEncoding = 4; lastKnownFileType = sourcecode.c.objc; path = CTSlicehostImage.m; sourceTree = "<group>"; };
		27089C6B1149D21E00A1BFE8 /* CTSlicehostBackup.h */ = {isa = PBXFileReference; fileEncoding = 4; lastKnownFileType = sourcecode.c.h; path = CTSlicehostBackup.h; sourceTree = "<group>"; };
		27089C6C1149D21E00A1BFE8 /* CTSlicehostBackup.m */ = {isa = PBXFileReference; fileEncoding = 4; lastKnownFileType = sourcecode.c.objc; path = CTSlicehostBackup.m; sourceTree = "<group>"; };
		27089C6E1149D23C00A1BFE8 /* CTSlicehostZone.h */ = {isa = PBXFileReference; fileEncoding = 4; lastKnownFileType = sourcecode.c.h; path = CTSlicehostZone.h; sourceTree = "<group>"; };
		27089C6F1149D23C00A1BFE8 /* CTSlicehostZone.m */ = {isa = PBXFileReference; fileEncoding = 4; lastKnownFileType = sourcecode.c.objc; path = CTSlicehostZone.m; sourceTree = "<group>"; };
		27089C731149D25300A1BFE8 /* CTSlicehostRecord.h */ = {isa = PBXFileReference; fileEncoding = 4; lastKnownFileType = sourcecode.c.h; path = CTSlicehostRecord.h; sourceTree = "<group>"; };
		27089C741149D25300A1BFE8 /* CTSlicehostRecord.m */ = {isa = PBXFileReference; fileEncoding = 4; lastKnownFileType = sourcecode.c.objc; path = CTSlicehostRecord.m; sourceTree = "<group>"; };
		27089D64114AD69600A1BFE8 /* CTSlicehostRequest.h */ = {isa = PBXFileReference; fileEncoding = 4; lastKnownFileType = sourcecode.c.h; path = CTSlicehostRequest.h; sourceTree = "<group>"; };
		27089D65114AD69600A1BFE8 /* CTSlicehostRequest.m */ = {isa = PBXFileReference; fileEncoding = 4; lastKnownFileType = sourcecode.c.objc; path = CTSlicehostRequest.m; sourceTree = "<group>"; };
		27089D69114AD6AC00A1BFE8 /* CTSlicehostSliceRequest.h */ = {isa = PBXFileReference; fileEncoding = 4; lastKnownFileType = sourcecode.c.h; path = CTSlicehostSliceRequest.h; sourceTree = "<group>"; };
		27089D6A114AD6AC00A1BFE8 /* CTSlicehostSliceRequest.m */ = {isa = PBXFileReference; fileEncoding = 4; lastKnownFileType = sourcecode.c.objc; path = CTSlicehostSliceRequest.m; sourceTree = "<group>"; };
		27089E00114AF00200A1BFE8 /* CTSlicehostSliceRequestTest.h */ = {isa = PBXFileReference; fileEncoding = 4; lastKnownFileType = sourcecode.c.h; path = CTSlicehostSliceRequestTest.h; sourceTree = "<group>"; };
		27089E01114AF00200A1BFE8 /* CTSlicehostSliceRequestTest.m */ = {isa = PBXFileReference; fileEncoding = 4; lastKnownFileType = sourcecode.c.objc; path = CTSlicehostSliceRequestTest.m; sourceTree = "<group>"; };
		27089E37114AF2CA00A1BFE8 /* CTSlicehostSliceXMLParserDelegate.h */ = {isa = PBXFileReference; fileEncoding = 4; lastKnownFileType = sourcecode.c.h; path = CTSlicehostSliceXMLParserDelegate.h; sourceTree = "<group>"; };
		27089E38114AF2CA00A1BFE8 /* CTSlicehostSliceXMLParserDelegate.m */ = {isa = PBXFileReference; fileEncoding = 4; lastKnownFileType = sourcecode.c.objc; path = CTSlicehostSliceXMLParserDelegate.m; sourceTree = "<group>"; };
		2768C15E1149BEE800758718 /* Tests.app */ = {isa = PBXFileReference; explicitFileType = wrapper.application; includeInIndex = 0; path = Tests.app; sourceTree = BUILT_PRODUCTS_DIR; };
		2768C1601149BEE800758718 /* Tests-Info.plist */ = {isa = PBXFileReference; lastKnownFileType = text.plist.xml; path = "Tests-Info.plist"; sourceTree = "<group>"; };
		2768C1A31149BFF300758718 /* libGHUnitIPhone3_0.a */ = {isa = PBXFileReference; lastKnownFileType = archive.ar; name = libGHUnitIPhone3_0.a; path = "Library/Frameworks/libGHUnitIPhone3_0-0/libGHUnitIPhone3_0.a"; sourceTree = DEVELOPER_DIR; };
		2768C1AC1149C03600758718 /* GHAsyncTestCase.h */ = {isa = PBXFileReference; fileEncoding = 4; lastKnownFileType = sourcecode.c.h; path = GHAsyncTestCase.h; sourceTree = "<group>"; };
		2768C1AD1149C03600758718 /* GHTest.h */ = {isa = PBXFileReference; fileEncoding = 4; lastKnownFileType = sourcecode.c.h; path = GHTest.h; sourceTree = "<group>"; };
		2768C1AE1149C03600758718 /* GHTestCase.h */ = {isa = PBXFileReference; fileEncoding = 4; lastKnownFileType = sourcecode.c.h; path = GHTestCase.h; sourceTree = "<group>"; };
		2768C1AF1149C03600758718 /* GHTestGroup.h */ = {isa = PBXFileReference; fileEncoding = 4; lastKnownFileType = sourcecode.c.h; path = GHTestGroup.h; sourceTree = "<group>"; };
		2768C1B01149C03600758718 /* GHTesting.h */ = {isa = PBXFileReference; fileEncoding = 4; lastKnownFileType = sourcecode.c.h; path = GHTesting.h; sourceTree = "<group>"; };
		2768C1B11149C03600758718 /* GHTestMacros.h */ = {isa = PBXFileReference; fileEncoding = 4; lastKnownFileType = sourcecode.c.h; path = GHTestMacros.h; sourceTree = "<group>"; };
		2768C1B21149C03600758718 /* GHTestRunner.h */ = {isa = PBXFileReference; fileEncoding = 4; lastKnownFileType = sourcecode.c.h; path = GHTestRunner.h; sourceTree = "<group>"; };
		2768C1B31149C03600758718 /* GHTestSuite.h */ = {isa = PBXFileReference; fileEncoding = 4; lastKnownFileType = sourcecode.c.h; path = GHTestSuite.h; sourceTree = "<group>"; };
		2768C1B41149C03600758718 /* GHUnit.h */ = {isa = PBXFileReference; fileEncoding = 4; lastKnownFileType = sourcecode.c.h; path = GHUnit.h; sourceTree = "<group>"; };
		2768C1B51149C03600758718 /* GHUnitIPhoneAppDelegate.h */ = {isa = PBXFileReference; fileEncoding = 4; lastKnownFileType = sourcecode.c.h; path = GHUnitIPhoneAppDelegate.h; sourceTree = "<group>"; };
		2768C1B61149C03600758718 /* GHUnitIPhoneTestMain.m */ = {isa = PBXFileReference; fileEncoding = 4; lastKnownFileType = sourcecode.c.objc; path = GHUnitIPhoneTestMain.m; sourceTree = "<group>"; };
		2768C1B71149C03600758718 /* GHUNSObject+Swizzle.h */ = {isa = PBXFileReference; fileEncoding = 4; lastKnownFileType = sourcecode.c.h; path = "GHUNSObject+Swizzle.h"; sourceTree = "<group>"; };
		2768C1B91149C03600758718 /* NSException+GHTestFailureExceptions.h */ = {isa = PBXFileReference; fileEncoding = 4; lastKnownFileType = sourcecode.c.h; path = "NSException+GHTestFailureExceptions.h"; sourceTree = "<group>"; };
		2768C1BA1149C03600758718 /* NSValue+GHValueFormatter.h */ = {isa = PBXFileReference; fileEncoding = 4; lastKnownFileType = sourcecode.c.h; path = "NSValue+GHValueFormatter.h"; sourceTree = "<group>"; };
		2785B5A91184D79F00592C00 /* CTSlicehostFlavorXMLParserDelegate.h */ = {isa = PBXFileReference; fileEncoding = 4; lastKnownFileType = sourcecode.c.h; path = CTSlicehostFlavorXMLParserDelegate.h; sourceTree = "<group>"; };
		2785B5AA1184D79F00592C00 /* CTSlicehostFlavorXMLParserDelegate.m */ = {isa = PBXFileReference; fileEncoding = 4; lastKnownFileType = sourcecode.c.objc; path = CTSlicehostFlavorXMLParserDelegate.m; sourceTree = "<group>"; };
		2785B5AC1184D7AB00592C00 /* CTSlicehostImageXMLParserDelegate.h */ = {isa = PBXFileReference; fileEncoding = 4; lastKnownFileType = sourcecode.c.h; path = CTSlicehostImageXMLParserDelegate.h; sourceTree = "<group>"; };
		2785B5AD1184D7AB00592C00 /* CTSlicehostImageXMLParserDelegate.m */ = {isa = PBXFileReference; fileEncoding = 4; lastKnownFileType = sourcecode.c.objc; path = CTSlicehostImageXMLParserDelegate.m; sourceTree = "<group>"; };
		2785B5AF1184D7BA00592C00 /* CTSlicehostZoneXMLParserDelegate.h */ = {isa = PBXFileReference; fileEncoding = 4; lastKnownFileType = sourcecode.c.h; path = CTSlicehostZoneXMLParserDelegate.h; sourceTree = "<group>"; };
		2785B5B01184D7BA00592C00 /* CTSlicehostZoneXMLParserDelegate.m */ = {isa = PBXFileReference; fileEncoding = 4; lastKnownFileType = sourcecode.c.objc; path = CTSlicehostZoneXMLParserDelegate.m; sourceTree = "<group>"; };
		2785B5B21184D7C400592C00 /* CTSlicehostRecordXMLParserDelegate.h */ = {isa = PBXFileReference; fileEncoding = 4; lastKnownFileType = sourcecode.c.h; path = CTSlicehostRecordXMLParserDelegate.h; sourceTree = "<group>"; };
		2785B5B31184D7C400592C00 /* CTSlicehostRecordXMLParserDelegate.m */ = {isa = PBXFileReference; fileEncoding = 4; lastKnownFileType = sourcecode.c.objc; path = CTSlicehostRecordXMLParserDelegate.m; sourceTree = "<group>"; };
		27FC98421172AC0D00250D42 /* CTSlicehostFlavorRequest.h */ = {isa = PBXFileReference; fileEncoding = 4; lastKnownFileType = sourcecode.c.h; path = CTSlicehostFlavorRequest.h; sourceTree = "<group>"; };
		27FC98431172AC0D00250D42 /* CTSlicehostFlavorRequest.m */ = {isa = PBXFileReference; fileEncoding = 4; lastKnownFileType = sourcecode.c.objc; path = CTSlicehostFlavorRequest.m; sourceTree = "<group>"; };
		27FC98451172AC1600250D42 /* CTSlicehostImageRequest.h */ = {isa = PBXFileReference; fileEncoding = 4; lastKnownFileType = sourcecode.c.h; path = CTSlicehostImageRequest.h; sourceTree = "<group>"; };
		27FC98461172AC1600250D42 /* CTSlicehostImageRequest.m */ = {isa = PBXFileReference; fileEncoding = 4; lastKnownFileType = sourcecode.c.objc; path = CTSlicehostImageRequest.m; sourceTree = "<group>"; };
		27FC98481172AC2100250D42 /* CTSlicehostBackupRequest.h */ = {isa = PBXFileReference; fileEncoding = 4; lastKnownFileType = sourcecode.c.h; path = CTSlicehostBackupRequest.h; sourceTree = "<group>"; };
		27FC98491172AC2100250D42 /* CTSlicehostBackupRequest.m */ = {isa = PBXFileReference; fileEncoding = 4; lastKnownFileType = sourcecode.c.objc; path = CTSlicehostBackupRequest.m; sourceTree = "<group>"; };
		28216C950DB411BC00E5133A /* FirstViewController.h */ = {isa = PBXFileReference; fileEncoding = 4; lastKnownFileType = sourcecode.c.h; path = FirstViewController.h; sourceTree = "<group>"; };
		28216C960DB411BC00E5133A /* FirstViewController.m */ = {isa = PBXFileReference; fileEncoding = 4; lastKnownFileType = sourcecode.c.objc; path = FirstViewController.m; sourceTree = "<group>"; };
		282CCBFD0DB6C98000C4EA27 /* SecondView.xib */ = {isa = PBXFileReference; lastKnownFileType = file.xib; path = SecondView.xib; sourceTree = "<group>"; };
		288765070DF74369002DB57D /* CoreGraphics.framework */ = {isa = PBXFileReference; lastKnownFileType = wrapper.framework; name = CoreGraphics.framework; path = System/Library/Frameworks/CoreGraphics.framework; sourceTree = SDKROOT; };
		28A0AB4B0D9B1048005BE974 /* iPhone_Prefix.pch */ = {isa = PBXFileReference; fileEncoding = 4; lastKnownFileType = sourcecode.c.h; path = iPhone_Prefix.pch; sourceTree = "<group>"; };
		28AD73870D9D96C1002E5188 /* MainWindow.xib */ = {isa = PBXFileReference; lastKnownFileType = file.xib; path = MainWindow.xib; sourceTree = "<group>"; };
		29B97316FDCFA39411CA2CEA /* main.m */ = {isa = PBXFileReference; fileEncoding = 4; lastKnownFileType = sourcecode.c.objc; path = main.m; sourceTree = "<group>"; };
		8D1107310486CEB800E47090 /* iPhone-Info.plist */ = {isa = PBXFileReference; fileEncoding = 4; lastKnownFileType = text.plist.xml; path = "iPhone-Info.plist"; plistStructureDefinitionIdentifier = "com.apple.xcode.plist.structure-definition.iphone.info-plist"; sourceTree = "<group>"; };
/* End PBXFileReference section */

/* Begin PBXFrameworksBuildPhase section */
		1D60588F0D05DD3D006BFB54 /* Frameworks */ = {
			isa = PBXFrameworksBuildPhase;
			buildActionMask = 2147483647;
			files = (
				1D60589F0D05DD5A006BFB54 /* Foundation.framework in Frameworks */,
				1DF5F4E00D08C38300B7A737 /* UIKit.framework in Frameworks */,
				288765080DF74369002DB57D /* CoreGraphics.framework in Frameworks */,
				2768C1A41149BFF300758718 /* libGHUnitIPhone3_0.a in Frameworks */,
			);
			runOnlyForDeploymentPostprocessing = 0;
		};
		2768C15C1149BEE800758718 /* Frameworks */ = {
			isa = PBXFrameworksBuildPhase;
			buildActionMask = 2147483647;
			files = (
				27089BD51149C35400A1BFE8 /* UIKit.framework in Frameworks */,
				27089BD61149C35400A1BFE8 /* Foundation.framework in Frameworks */,
				27089BD71149C35400A1BFE8 /* CoreGraphics.framework in Frameworks */,
				27089B2A1149C35000A1BFE8 /* libGHUnitIPhone3_0.a in Frameworks */,
				27089B071149C2B700A1BFE8 /* SenTestingKit.framework in Frameworks */,
				27089C351149CDDF00A1BFE8 /* CFNetwork.framework in Frameworks */,
				27089C391149CDF100A1BFE8 /* SystemConfiguration.framework in Frameworks */,
				27089C3B1149CDFB00A1BFE8 /* libz.1.2.3.dylib in Frameworks */,
			);
			runOnlyForDeploymentPostprocessing = 0;
		};
/* End PBXFrameworksBuildPhase section */

/* Begin PBXGroup section */
		080E96DDFE201D6D7F000001 /* Classes */ = {
			isa = PBXGroup;
			children = (
				28216C950DB411BC00E5133A /* FirstViewController.h */,
				28216C960DB411BC00E5133A /* FirstViewController.m */,
				1D3623240D0F684500981E51 /* iPhoneAppDelegate.h */,
				1D3623250D0F684500981E51 /* iPhoneAppDelegate.m */,
			);
			path = Classes;
			sourceTree = "<group>";
		};
		19C28FACFE9D520D11CA2CBB /* Products */ = {
			isa = PBXGroup;
			children = (
				1D6058910D05DD3D006BFB54 /* iPhone.app */,
				2768C15E1149BEE800758718 /* Tests.app */,
			);
			name = Products;
			sourceTree = "<group>";
		};
		27089C121149CA4300A1BFE8 /* cloudtouch */ = {
			isa = PBXGroup;
			children = (
				27089C581149D08200A1BFE8 /* Generic */,
				27089C411149CE3A00A1BFE8 /* Providers */,
			);
			name = cloudtouch;
			sourceTree = "<group>";
		};
		27089C181149CA5700A1BFE8 /* Rackspace Cloud */ = {
			isa = PBXGroup;
			children = (
			);
			name = "Rackspace Cloud";
			sourceTree = "<group>";
		};
		27089C191149CA5D00A1BFE8 /* Slicehost */ = {
			isa = PBXGroup;
			children = (
				27089C5C1149D1D000A1BFE8 /* Models */,
				27089C5D1149D1D700A1BFE8 /* Requests */,
				27089C5E1149D1DC00A1BFE8 /* Parsers */,
			);
			name = Slicehost;
			sourceTree = "<group>";
		};
		27089C1B1149CA7500A1BFE8 /* ASIHttpRequest */ = {
			isa = PBXGroup;
			children = (
				27089C3C1149CE1E00A1BFE8 /* Reachability.h */,
				27089C3D1149CE1E00A1BFE8 /* Reachability.m */,
				27089C1F1149CDB900A1BFE8 /* ASIAuthenticationDialog.h */,
				27089C201149CDB900A1BFE8 /* ASIAuthenticationDialog.m */,
				27089C211149CDB900A1BFE8 /* ASIFormDataRequest.h */,
				27089C221149CDB900A1BFE8 /* ASIFormDataRequest.m */,
				27089C231149CDB900A1BFE8 /* ASIHTTPRequest.h */,
				27089C241149CDB900A1BFE8 /* ASIHTTPRequest.m */,
				27089C251149CDB900A1BFE8 /* ASIHTTPRequestConfig.h */,
				27089C261149CDB900A1BFE8 /* ASIInputStream.h */,
				27089C271149CDB900A1BFE8 /* ASIInputStream.m */,
				27089C281149CDB900A1BFE8 /* ASINetworkQueue.h */,
				27089C291149CDB900A1BFE8 /* ASINetworkQueue.m */,
				27089C2A1149CDB900A1BFE8 /* ASINSStringAdditions.h */,
				27089C2B1149CDB900A1BFE8 /* ASINSStringAdditions.m */,
			);
			name = ASIHttpRequest;
			sourceTree = "<group>";
		};
		27089C411149CE3A00A1BFE8 /* Providers */ = {
			isa = PBXGroup;
			children = (
				27089C181149CA5700A1BFE8 /* Rackspace Cloud */,
				27089C191149CA5D00A1BFE8 /* Slicehost */,
			);
			name = Providers;
			sourceTree = "<group>";
		};
		27089C581149D08200A1BFE8 /* Generic */ = {
			isa = PBXGroup;
			children = (
				27089C591149D08B00A1BFE8 /* CTProvider.h */,
				27089C5A1149D08B00A1BFE8 /* CTProvider.m */,
			);
			name = Generic;
			sourceTree = "<group>";
		};
		27089C5C1149D1D000A1BFE8 /* Models */ = {
			isa = PBXGroup;
			children = (
				27089C711149D24200A1BFE8 /* Slices */,
				27089C721149D24600A1BFE8 /* DNS */,
			);
			name = Models;
			sourceTree = "<group>";
		};
		27089C5D1149D1D700A1BFE8 /* Requests */ = {
			isa = PBXGroup;
			children = (
				27089D64114AD69600A1BFE8 /* CTSlicehostRequest.h */,
				27089D65114AD69600A1BFE8 /* CTSlicehostRequest.m */,
				27089D69114AD6AC00A1BFE8 /* CTSlicehostSliceRequest.h */,
				27089D6A114AD6AC00A1BFE8 /* CTSlicehostSliceRequest.m */,
				27FC98421172AC0D00250D42 /* CTSlicehostFlavorRequest.h */,
				27FC98431172AC0D00250D42 /* CTSlicehostFlavorRequest.m */,
				27FC98451172AC1600250D42 /* CTSlicehostImageRequest.h */,
				27FC98461172AC1600250D42 /* CTSlicehostImageRequest.m */,
				27FC98481172AC2100250D42 /* CTSlicehostBackupRequest.h */,
				27FC98491172AC2100250D42 /* CTSlicehostBackupRequest.m */,
			);
			name = Requests;
			sourceTree = "<group>";
		};
		27089C5E1149D1DC00A1BFE8 /* Parsers */ = {
			isa = PBXGroup;
			children = (
				27089E37114AF2CA00A1BFE8 /* CTSlicehostSliceXMLParserDelegate.h */,
				27089E38114AF2CA00A1BFE8 /* CTSlicehostSliceXMLParserDelegate.m */,
				2785B5A91184D79F00592C00 /* CTSlicehostFlavorXMLParserDelegate.h */,
				2785B5AA1184D79F00592C00 /* CTSlicehostFlavorXMLParserDelegate.m */,
				2785B5AC1184D7AB00592C00 /* CTSlicehostImageXMLParserDelegate.h */,
				2785B5AD1184D7AB00592C00 /* CTSlicehostImageXMLParserDelegate.m */,
				2785B5AF1184D7BA00592C00 /* CTSlicehostZoneXMLParserDelegate.h */,
				2785B5B01184D7BA00592C00 /* CTSlicehostZoneXMLParserDelegate.m */,
				2785B5B21184D7C400592C00 /* CTSlicehostRecordXMLParserDelegate.h */,
				2785B5B31184D7C400592C00 /* CTSlicehostRecordXMLParserDelegate.m */,
			);
			name = Parsers;
			sourceTree = "<group>";
		};
		27089C711149D24200A1BFE8 /* Slices */ = {
			isa = PBXGroup;
			children = (
				27089C621149D1FC00A1BFE8 /* CTSlicehostSlice.h */,
				27089C631149D1FC00A1BFE8 /* CTSlicehostSlice.m */,
				27089C651149D20500A1BFE8 /* CTSlicehostFlavor.h */,
				27089C661149D20500A1BFE8 /* CTSlicehostFlavor.m */,
				27089C681149D20D00A1BFE8 /* CTSlicehostImage.h */,
				27089C691149D20D00A1BFE8 /* CTSlicehostImage.m */,
				27089C6B1149D21E00A1BFE8 /* CTSlicehostBackup.h */,
				27089C6C1149D21E00A1BFE8 /* CTSlicehostBackup.m */,
			);
			name = Slices;
			sourceTree = "<group>";
		};
		27089C721149D24600A1BFE8 /* DNS */ = {
			isa = PBXGroup;
			children = (
				27089C6E1149D23C00A1BFE8 /* CTSlicehostZone.h */,
				27089C6F1149D23C00A1BFE8 /* CTSlicehostZone.m */,
				27089C731149D25300A1BFE8 /* CTSlicehostRecord.h */,
				27089C741149D25300A1BFE8 /* CTSlicehostRecord.m */,
			);
			name = DNS;
			sourceTree = "<group>";
		};
		27089DFF114AEFE900A1BFE8 /* Slicehost */ = {
			isa = PBXGroup;
			children = (
				27089E00114AF00200A1BFE8 /* CTSlicehostSliceRequestTest.h */,
				27089E01114AF00200A1BFE8 /* CTSlicehostSliceRequestTest.m */,
			);
			name = Slicehost;
			sourceTree = "<group>";
		};
		2768C1A71149C01400758718 /* External */ = {
			isa = PBXGroup;
			children = (
				27089C1B1149CA7500A1BFE8 /* ASIHttpRequest */,
				2768C1A81149C01900758718 /* GHUnit */,
			);
			name = External;
			sourceTree = "<group>";
		};
		2768C1A81149C01900758718 /* GHUnit */ = {
			isa = PBXGroup;
			children = (
				2768C1AC1149C03600758718 /* GHAsyncTestCase.h */,
				2768C1AD1149C03600758718 /* GHTest.h */,
				2768C1AE1149C03600758718 /* GHTestCase.h */,
				2768C1AF1149C03600758718 /* GHTestGroup.h */,
				2768C1B01149C03600758718 /* GHTesting.h */,
				2768C1B11149C03600758718 /* GHTestMacros.h */,
				2768C1B21149C03600758718 /* GHTestRunner.h */,
				2768C1B31149C03600758718 /* GHTestSuite.h */,
				2768C1B41149C03600758718 /* GHUnit.h */,
				2768C1B51149C03600758718 /* GHUnitIPhoneAppDelegate.h */,
				2768C1B61149C03600758718 /* GHUnitIPhoneTestMain.m */,
				2768C1B71149C03600758718 /* GHUNSObject+Swizzle.h */,
				2768C1B91149C03600758718 /* NSException+GHTestFailureExceptions.h */,
				2768C1BA1149C03600758718 /* NSValue+GHValueFormatter.h */,
			);
			name = GHUnit;
			sourceTree = "<group>";
		};
		2768C1E31149C0B600758718 /* Tests */ = {
			isa = PBXGroup;
			children = (
				27089DFF114AEFE900A1BFE8 /* Slicehost */,
			);
			name = Tests;
			sourceTree = "<group>";
		};
		29B97314FDCFA39411CA2CEA /* iPhone */ = {
			isa = PBXGroup;
			children = (
				27089C121149CA4300A1BFE8 /* cloudtouch */,
				2768C1E31149C0B600758718 /* Tests */,
				2768C1A71149C01400758718 /* External */,
				080E96DDFE201D6D7F000001 /* Classes */,
				29B97315FDCFA39411CA2CEA /* Other Sources */,
				29B97317FDCFA39411CA2CEA /* Resources */,
				29B97323FDCFA39411CA2CEA /* Frameworks */,
				19C28FACFE9D520D11CA2CBB /* Products */,
				2768C1601149BEE800758718 /* Tests-Info.plist */,
				27089C341149CDDF00A1BFE8 /* CFNetwork.framework */,
				27089C381149CDF100A1BFE8 /* SystemConfiguration.framework */,
				27089C3A1149CDFB00A1BFE8 /* libz.1.2.3.dylib */,
			);
			name = iPhone;
			sourceTree = "<group>";
		};
		29B97315FDCFA39411CA2CEA /* Other Sources */ = {
			isa = PBXGroup;
			children = (
				28A0AB4B0D9B1048005BE974 /* iPhone_Prefix.pch */,
				29B97316FDCFA39411CA2CEA /* main.m */,
			);
			name = "Other Sources";
			sourceTree = "<group>";
		};
		29B97317FDCFA39411CA2CEA /* Resources */ = {
			isa = PBXGroup;
			children = (
				282CCBFD0DB6C98000C4EA27 /* SecondView.xib */,
				28AD73870D9D96C1002E5188 /* MainWindow.xib */,
				8D1107310486CEB800E47090 /* iPhone-Info.plist */,
			);
			name = Resources;
			sourceTree = "<group>";
		};
		29B97323FDCFA39411CA2CEA /* Frameworks */ = {
			isa = PBXGroup;
			children = (
				1DF5F4DF0D08C38300B7A737 /* UIKit.framework */,
				1D30AB110D05D00D00671497 /* Foundation.framework */,
				288765070DF74369002DB57D /* CoreGraphics.framework */,
				2768C1A31149BFF300758718 /* libGHUnitIPhone3_0.a */,
				27089B061149C2B700A1BFE8 /* SenTestingKit.framework */,
			);
			name = Frameworks;
			sourceTree = "<group>";
		};
/* End PBXGroup section */

/* Begin PBXNativeTarget section */
		1D6058900D05DD3D006BFB54 /* iPhone */ = {
			isa = PBXNativeTarget;
			buildConfigurationList = 1D6058960D05DD3E006BFB54 /* Build configuration list for PBXNativeTarget "iPhone" */;
			buildPhases = (
				1D60588D0D05DD3D006BFB54 /* Resources */,
				1D60588E0D05DD3D006BFB54 /* Sources */,
				1D60588F0D05DD3D006BFB54 /* Frameworks */,
			);
			buildRules = (
			);
			dependencies = (
			);
			name = iPhone;
			productName = iPhone;
			productReference = 1D6058910D05DD3D006BFB54 /* iPhone.app */;
			productType = "com.apple.product-type.application";
		};
		2768C15D1149BEE800758718 /* Tests */ = {
			isa = PBXNativeTarget;
			buildConfigurationList = 2768C1631149BEE900758718 /* Build configuration list for PBXNativeTarget "Tests" */;
			buildPhases = (
				2768C15A1149BEE800758718 /* Resources */,
				2768C15B1149BEE800758718 /* Sources */,
				2768C15C1149BEE800758718 /* Frameworks */,
			);
			buildRules = (
			);
			dependencies = (
			);
			name = Tests;
			productName = Tests;
			productReference = 2768C15E1149BEE800758718 /* Tests.app */;
			productType = "com.apple.product-type.application";
		};
/* End PBXNativeTarget section */

/* Begin PBXProject section */
		29B97313FDCFA39411CA2CEA /* Project object */ = {
			isa = PBXProject;
			buildConfigurationList = C01FCF4E08A954540054247B /* Build configuration list for PBXProject "iPhone" */;
			compatibilityVersion = "Xcode 3.1";
			hasScannedForEncodings = 1;
			mainGroup = 29B97314FDCFA39411CA2CEA /* iPhone */;
			projectDirPath = "";
			projectRoot = "";
			targets = (
				1D6058900D05DD3D006BFB54 /* iPhone */,
				2768C15D1149BEE800758718 /* Tests */,
			);
		};
/* End PBXProject section */

/* Begin PBXResourcesBuildPhase section */
		1D60588D0D05DD3D006BFB54 /* Resources */ = {
			isa = PBXResourcesBuildPhase;
			buildActionMask = 2147483647;
			files = (
				28AD73880D9D96C1002E5188 /* MainWindow.xib in Resources */,
				282CCBFE0DB6C98000C4EA27 /* SecondView.xib in Resources */,
			);
			runOnlyForDeploymentPostprocessing = 0;
		};
		2768C15A1149BEE800758718 /* Resources */ = {
			isa = PBXResourcesBuildPhase;
			buildActionMask = 2147483647;
			files = (
			);
			runOnlyForDeploymentPostprocessing = 0;
		};
/* End PBXResourcesBuildPhase section */

/* Begin PBXSourcesBuildPhase section */
		1D60588E0D05DD3D006BFB54 /* Sources */ = {
			isa = PBXSourcesBuildPhase;
			buildActionMask = 2147483647;
			files = (
				1D60589B0D05DD56006BFB54 /* main.m in Sources */,
				1D3623260D0F684500981E51 /* iPhoneAppDelegate.m in Sources */,
				28216C970DB411BC00E5133A /* FirstViewController.m in Sources */,
				2768C1BB1149C03600758718 /* GHUnitIPhoneTestMain.m in Sources */,
				27089C2C1149CDB900A1BFE8 /* ASIAuthenticationDialog.m in Sources */,
				27089C2D1149CDB900A1BFE8 /* ASIFormDataRequest.m in Sources */,
				27089C2E1149CDB900A1BFE8 /* ASIHTTPRequest.m in Sources */,
				27089C2F1149CDB900A1BFE8 /* ASIInputStream.m in Sources */,
				27089C301149CDB900A1BFE8 /* ASINetworkQueue.m in Sources */,
				27089C311149CDB900A1BFE8 /* ASINSStringAdditions.m in Sources */,
				27089C3E1149CE1E00A1BFE8 /* Reachability.m in Sources */,
				27089C5B1149D08B00A1BFE8 /* CTProvider.m in Sources */,
				27089C641149D1FC00A1BFE8 /* CTSlicehostSlice.m in Sources */,
				27089C671149D20500A1BFE8 /* CTSlicehostFlavor.m in Sources */,
				27089C6A1149D20D00A1BFE8 /* CTSlicehostImage.m in Sources */,
				27089C6D1149D21E00A1BFE8 /* CTSlicehostBackup.m in Sources */,
				27089C701149D23C00A1BFE8 /* CTSlicehostZone.m in Sources */,
				27089C751149D25300A1BFE8 /* CTSlicehostRecord.m in Sources */,
				27089D66114AD69600A1BFE8 /* CTSlicehostRequest.m in Sources */,
				27089D6B114AD6AC00A1BFE8 /* CTSlicehostSliceRequest.m in Sources */,
				27089E02114AF00200A1BFE8 /* CTSlicehostSliceRequestTest.m in Sources */,
				27089E39114AF2CA00A1BFE8 /* CTSlicehostSliceXMLParserDelegate.m in Sources */,
				27FC98441172AC0D00250D42 /* CTSlicehostFlavorRequest.m in Sources */,
				27FC98471172AC1600250D42 /* CTSlicehostImageRequest.m in Sources */,
				27FC984A1172AC2100250D42 /* CTSlicehostBackupRequest.m in Sources */,
				2785B5AB1184D79F00592C00 /* CTSlicehostFlavorXMLParserDelegate.m in Sources */,
				2785B5AE1184D7AB00592C00 /* CTSlicehostImageXMLParserDelegate.m in Sources */,
				2785B5B11184D7BA00592C00 /* CTSlicehostZoneXMLParserDelegate.m in Sources */,
				2785B5B41184D7C400592C00 /* CTSlicehostRecordXMLParserDelegate.m in Sources */,
			);
			runOnlyForDeploymentPostprocessing = 0;
		};
		2768C15B1149BEE800758718 /* Sources */ = {
			isa = PBXSourcesBuildPhase;
			buildActionMask = 2147483647;
			files = (
				27089E41114AF47F00A1BFE8 /* CTSlicehostSliceXMLParserDelegate.h in Sources */,
				27089E42114AF47F00A1BFE8 /* CTSlicehostSliceXMLParserDelegate.m in Sources */,
				27089E07114AF07E00A1BFE8 /* CTSlicehostSliceRequestTest.h in Sources */,
				27089E08114AF07E00A1BFE8 /* CTSlicehostSliceRequestTest.m in Sources */,
				27089DE7114AEF6700A1BFE8 /* Reachability.h in Sources */,
				27089DE8114AEF6700A1BFE8 /* Reachability.m in Sources */,
				27089DE9114AEF6700A1BFE8 /* ASIAuthenticationDialog.h in Sources */,
				27089DEA114AEF6700A1BFE8 /* ASIAuthenticationDialog.m in Sources */,
				27089DEB114AEF6700A1BFE8 /* ASIFormDataRequest.h in Sources */,
				27089DEC114AEF6700A1BFE8 /* ASIFormDataRequest.m in Sources */,
				27089DCC114AEF1800A1BFE8 /* ASIHTTPRequest.h in Sources */,
				27089DD1114AEF2300A1BFE8 /* ASIHTTPRequest.m in Sources */,
				27089DED114AEF6700A1BFE8 /* ASIHTTPRequestConfig.h in Sources */,
				27089DEE114AEF6700A1BFE8 /* ASIInputStream.h in Sources */,
				27089DEF114AEF6700A1BFE8 /* ASIInputStream.m in Sources */,
				27089DF0114AEF6700A1BFE8 /* ASINetworkQueue.h in Sources */,
				27089DF1114AEF6700A1BFE8 /* ASINetworkQueue.m in Sources */,
				27089DF2114AEF6700A1BFE8 /* ASINSStringAdditions.h in Sources */,
				27089DF3114AEF6700A1BFE8 /* ASINSStringAdditions.m in Sources */,
				27089DBD114AEEE300A1BFE8 /* CTSlicehostRequest.h in Sources */,
				27089DBE114AEEE300A1BFE8 /* CTSlicehostRequest.m in Sources */,
				27089DBF114AEEE300A1BFE8 /* CTSlicehostSliceRequest.h in Sources */,
				27089DC0114AEEE300A1BFE8 /* CTSlicehostSliceRequest.m in Sources */,
				27089DB9114AEEDC00A1BFE8 /* CTSlicehostZone.h in Sources */,
				27089DBA114AEEDC00A1BFE8 /* CTSlicehostZone.m in Sources */,
				27089DBB114AEEDC00A1BFE8 /* CTSlicehostRecord.h in Sources */,
				27089DBC114AEEDC00A1BFE8 /* CTSlicehostRecord.m in Sources */,
				27089DB1114AEED500A1BFE8 /* CTSlicehostSlice.h in Sources */,
				27089DB2114AEED500A1BFE8 /* CTSlicehostSlice.m in Sources */,
				27089DB3114AEED500A1BFE8 /* CTSlicehostFlavor.h in Sources */,
				27089DB4114AEED500A1BFE8 /* CTSlicehostFlavor.m in Sources */,
				27089DB5114AEED500A1BFE8 /* CTSlicehostImage.h in Sources */,
				27089DB6114AEED500A1BFE8 /* CTSlicehostImage.m in Sources */,
				27089DB7114AEED500A1BFE8 /* CTSlicehostBackup.h in Sources */,
				27089DB8114AEED500A1BFE8 /* CTSlicehostBackup.m in Sources */,
				27089BE61149C38B00A1BFE8 /* GHUnitIPhoneTestMain.m in Sources */,
			);
			runOnlyForDeploymentPostprocessing = 0;
		};
/* End PBXSourcesBuildPhase section */

/* Begin XCBuildConfiguration section */
		1D6058940D05DD3E006BFB54 /* Debug */ = {
			isa = XCBuildConfiguration;
			buildSettings = {
				ALWAYS_SEARCH_USER_PATHS = NO;
				COPY_PHASE_STRIP = NO;
				GCC_DYNAMIC_NO_PIC = NO;
				GCC_OPTIMIZATION_LEVEL = 0;
				GCC_PRECOMPILE_PREFIX_HEADER = YES;
				GCC_PREFIX_HEADER = iPhone_Prefix.pch;
				INFOPLIST_FILE = "iPhone-Info.plist";
				LIBRARY_SEARCH_PATHS = (
					"$(inherited)",
					"\"$(DEVELOPER_FRAMEWORKS_DIR)/libGHUnitIPhone3_0-0\"",
					"\"$(SRCROOT)\"",
				);
				PRODUCT_NAME = iPhone;
			};
			name = Debug;
		};
		1D6058950D05DD3E006BFB54 /* Release */ = {
			isa = XCBuildConfiguration;
			buildSettings = {
				ALWAYS_SEARCH_USER_PATHS = NO;
				COPY_PHASE_STRIP = YES;
				GCC_PRECOMPILE_PREFIX_HEADER = YES;
				GCC_PREFIX_HEADER = iPhone_Prefix.pch;
				INFOPLIST_FILE = "iPhone-Info.plist";
				LIBRARY_SEARCH_PATHS = (
					"$(inherited)",
					"\"$(DEVELOPER_FRAMEWORKS_DIR)/libGHUnitIPhone3_0-0\"",
					"\"$(SRCROOT)\"",
				);
				PRODUCT_NAME = iPhone;
				VALIDATE_PRODUCT = YES;
			};
			name = Release;
		};
		2768C1611149BEE900758718 /* Debug */ = {
			isa = XCBuildConfiguration;
			buildSettings = {
				ALWAYS_SEARCH_USER_PATHS = NO;
				CODE_SIGN_IDENTITY = "iPhone Developer";
				COPY_PHASE_STRIP = NO;
				FRAMEWORK_SEARCH_PATHS = (
					"$(inherited)",
					"\"$(DEVELOPER_FRAMEWORKS_DIR)\"",
				);
				GCC_DYNAMIC_NO_PIC = NO;
				GCC_OPTIMIZATION_LEVEL = 0;
				GCC_PRECOMPILE_PREFIX_HEADER = YES;
				GCC_PREFIX_HEADER = "$(SYSTEM_LIBRARY_DIR)/Frameworks/UIKit.framework/Headers/UIKit.h";
				INFOPLIST_FILE = "Tests-Info.plist";
				INSTALL_PATH = "$(HOME)/Applications";
				LIBRARY_SEARCH_PATHS = (
					"$(inherited)",
					"\"$(DEVELOPER_FRAMEWORKS_DIR)/libGHUnitIPhone3_0-0\"",
				);
				OTHER_LDFLAGS = (
					"-ObjC",
					"-all_load",
					"-framework",
					Foundation,
					"-framework",
					UIKit,
				);
				PREBINDING = NO;
				PRODUCT_NAME = Tests;
				SDKROOT = iphoneos3.2;
			};
			name = Debug;
		};
		2768C1621149BEE900758718 /* Release */ = {
			isa = XCBuildConfiguration;
			buildSettings = {
				ALWAYS_SEARCH_USER_PATHS = NO;
				CODE_SIGN_IDENTITY = "iPhone Developer";
				COPY_PHASE_STRIP = YES;
				DEBUG_INFORMATION_FORMAT = "dwarf-with-dsym";
				FRAMEWORK_SEARCH_PATHS = (
					"$(inherited)",
					"\"$(DEVELOPER_FRAMEWORKS_DIR)\"",
				);
				GCC_ENABLE_FIX_AND_CONTINUE = NO;
				GCC_PRECOMPILE_PREFIX_HEADER = YES;
				GCC_PREFIX_HEADER = "$(SYSTEM_LIBRARY_DIR)/Frameworks/UIKit.framework/Headers/UIKit.h";
				INFOPLIST_FILE = "Tests-Info.plist";
				INSTALL_PATH = "$(HOME)/Applications";
				LIBRARY_SEARCH_PATHS = (
					"$(inherited)",
					"\"$(DEVELOPER_FRAMEWORKS_DIR)/libGHUnitIPhone3_0-0\"",
				);
				OTHER_LDFLAGS = (
					"-framework",
					Foundation,
					"-framework",
					UIKit,
				);
				PREBINDING = NO;
				PRODUCT_NAME = Tests;
				SDKROOT = iphoneos3.2;
				ZERO_LINK = NO;
			};
			name = Release;
		};
		C01FCF4F08A954540054247B /* Debug */ = {
			isa = XCBuildConfiguration;
			buildSettings = {
				ARCHS = "$(ARCHS_STANDARD_32_BIT)";
				"CODE_SIGN_IDENTITY[sdk=iphoneos*]" = "iPhone Developer";
				GCC_C_LANGUAGE_STANDARD = c99;
				GCC_WARN_ABOUT_RETURN_TYPE = YES;
				GCC_WARN_UNUSED_VARIABLE = YES;
				PREBINDING = NO;
				SDKROOT = iphoneos3.1.3;
			};
			name = Debug;
		};
		C01FCF5008A954540054247B /* Release */ = {
			isa = XCBuildConfiguration;
			buildSettings = {
				ARCHS = "$(ARCHS_STANDARD_32_BIT)";
				"CODE_SIGN_IDENTITY[sdk=iphoneos*]" = "iPhone Developer";
				GCC_C_LANGUAGE_STANDARD = c99;
				GCC_WARN_ABOUT_RETURN_TYPE = YES;
				GCC_WARN_UNUSED_VARIABLE = YES;
				OTHER_CFLAGS = "-DNS_BLOCK_ASSERTIONS=1";
				PREBINDING = NO;
				SDKROOT = iphoneos3.1.3;
			};
			name = Release;
		};
/* End XCBuildConfiguration section */

/* Begin XCConfigurationList section */
		1D6058960D05DD3E006BFB54 /* Build configuration list for PBXNativeTarget "iPhone" */ = {
			isa = XCConfigurationList;
			buildConfigurations = (
				1D6058940D05DD3E006BFB54 /* Debug */,
				1D6058950D05DD3E006BFB54 /* Release */,
			);
			defaultConfigurationIsVisible = 0;
			defaultConfigurationName = Release;
		};
		2768C1631149BEE900758718 /* Build configuration list for PBXNativeTarget "Tests" */ = {
			isa = XCConfigurationList;
			buildConfigurations = (
				2768C1611149BEE900758718 /* Debug */,
				2768C1621149BEE900758718 /* Release */,
			);
			defaultConfigurationIsVisible = 0;
			defaultConfigurationName = Release;
		};
		C01FCF4E08A954540054247B /* Build configuration list for PBXProject "iPhone" */ = {
			isa = XCConfigurationList;
			buildConfigurations = (
				C01FCF4F08A954540054247B /* Debug */,
				C01FCF5008A954540054247B /* Release */,
			);
			defaultConfigurationIsVisible = 0;
			defaultConfigurationName = Release;
		};
/* End XCConfigurationList section */
	};
	rootObject = 29B97313FDCFA39411CA2CEA /* Project object */;
}
